# This file was autogenerated by Stack.
# You should not edit this file by hand.
# For more information, please see the documentation at:
#   https://docs.haskellstack.org/en/stable/topics/lock_files

packages:
- completed:
    commit: 7a921bf02198a00217848dbdc2fee53100aa4816
    git: https://github.com/YoshikuniJujo/gpu-vulkan-middle.git
    name: gpu-vulkan-middle
    pantry-tree:
      sha256: 99bbd0cff500554e805dd263453a4ec06425313292e8634f0407f2c3756ba874
      size: 16140
    version: 0.1.0.76
  original:
    commit: 7a921bf02198a00217848dbdc2fee53100aa4816
    git: https://github.com/YoshikuniJujo/gpu-vulkan-middle.git
- completed:
    hackage: gpu-vulkan-core-0.1.0.21@sha256:347fcc9b982033e2162d1106e891f6d57ee251a79bdd8f9398f5ca918f3c9e91,3516
    pantry-tree:
      sha256: 65e73d0f6ffe0bfbd8545b31671d21ef2fa69553644474d181917fef1a4a0625
      size: 5235
  original:
    hackage: gpu-vulkan-core-0.1.0.21
- completed:
    hackage: language-spir-v-0.1.0.3@sha256:c07d92777e2b0e4ac9bd3ef0902e50c046d42edf1a1a98d17e78d039d60d1351,2079
    pantry-tree:
      sha256: 070eec1689892418ff45135d972b3464fc884e102bbbbbf43f99e934d77db5e8
      size: 650
  original:
    hackage: language-spir-v-0.1.0.3
snapshots:
- completed:
    sha256: 53d74d0ba05207bf70f1e5dc4b673f5dd6fd69220817d30d756d207b9ae8d742
    size: 712220
    url: https://raw.githubusercontent.com/commercialhaskell/stackage-snapshots/master/nightly/2025/6/18.yaml
  original: nightly-2025-06-18
