# This file was autogenerated by Stack.
# You should not edit this file by hand.
# For more information, please see the documentation at:
#   https://docs.haskellstack.org/en/stable/topics/lock_files

packages:
- completed:
    commit: 37d365401abe82ce4c4ad49dcdf19080f9ae5a75
    git: https://github.com/YoshikuniJujo/gpu-vulkan-middle.git
    name: gpu-vulkan-middle
    pantry-tree:
      sha256: 92716313c4f06146ec5ee8158cdd120e9fc95a2b190770443867091bbb9852af
      size: 16297
    version: 0.1.0.75
  original:
    commit: 37d365401abe82ce4c4ad49dcdf19080f9ae5a75
    git: https://github.com/YoshikuniJujo/gpu-vulkan-middle.git
- completed:
    commit: b83a9103056ff9ade87a09337273b56570bc63a7
    git: https://github.com/YoshikuniJujo/gpu-vulkan-core.git
    name: gpu-vulkan-core
    pantry-tree:
      sha256: c07b7987fcc4585ef9aa2aca6e238f2f8ee19bc95bd5b8cbf6fae34a868d9db9
      size: 5711
    version: 0.1.0.22
  original:
    commit: b83a9103056ff9ade87a09337273b56570bc63a7
    git: https://github.com/YoshikuniJujo/gpu-vulkan-core.git
- completed:
    hackage: language-spir-v-0.1.0.3@sha256:c07d92777e2b0e4ac9bd3ef0902e50c046d42edf1a1a98d17e78d039d60d1351,2079
    pantry-tree:
      sha256: 070eec1689892418ff45135d972b3464fc884e102bbbbbf43f99e934d77db5e8
      size: 650
  original:
    hackage: language-spir-v-0.1.0.3
- completed:
    hackage: hetero-parameter-list-0.1.0.21@sha256:760e06a21d69c4df8875bceab67af9181e7a75b3071efc1503cc47ea1e4886a1,1876
    pantry-tree:
      sha256: 2de8bbb07cf9e5ee702f99eaf874158d213e21efa50273eb85995f15b12b4319
      size: 459
  original:
    hackage: hetero-parameter-list-0.1.0.21
- completed:
    hackage: typelevel-tools-yj-0.1.0.8@sha256:c2377d1d8de835af9d248bf6d10e096761f976123671ae43f3d8c6686e781230,2205
    pantry-tree:
      sha256: 3f9b2c8ddeccfb8382e7f171110251adeba36029aa31566e9ac04c8b7e700333
      size: 1395
  original:
    hackage: typelevel-tools-yj-0.1.0.8
snapshots:
- completed:
    sha256: 8fdb9f5579a4be55429a0f28414bcb45817cff27c6c30afb5c42aa2b7890a906
    size: 658339
    url: https://raw.githubusercontent.com/commercialhaskell/stackage-snapshots/master/nightly/2025/3/9.yaml
  original: nightly-2025-03-09
