# This file was autogenerated by Stack.
# You should not edit this file by hand.
# For more information, please see the documentation at:
#   https://docs.haskellstack.org/en/stable/topics/lock_files

packages:
- completed:
    hackage: gpu-vulkan-middle-0.1.0.77@sha256:a6b75b38855cf0cf709061ced2282d0d85dc8f6fe8ebb2a797ffc235006bcc7e,9154
    pantry-tree:
      sha256: 9160c7debedcc93d541ec4e4140c3218c950e62eb84b3756c6c974ab2f3159b5
      size: 13577
  original:
    hackage: gpu-vulkan-middle-0.1.0.77
- completed:
    hackage: gpu-vulkan-core-0.1.0.21@sha256:347fcc9b982033e2162d1106e891f6d57ee251a79bdd8f9398f5ca918f3c9e91,3516
    pantry-tree:
      sha256: 65e73d0f6ffe0bfbd8545b31671d21ef2fa69553644474d181917fef1a4a0625
      size: 5235
  original:
    hackage: gpu-vulkan-core-0.1.0.21
- completed:
    hackage: language-spir-v-0.1.0.3@sha256:c07d92777e2b0e4ac9bd3ef0902e50c046d42edf1a1a98d17e78d039d60d1351,2079
    pantry-tree:
      sha256: 070eec1689892418ff45135d972b3464fc884e102bbbbbf43f99e934d77db5e8
      size: 650
  original:
    hackage: language-spir-v-0.1.0.3
snapshots:
- completed:
    sha256: 303c0300d085dad9b9a5d8efc72ddde5425e33c5536c4b0c1632cc46d11cb52c
    size: 687948
    url: https://raw.githubusercontent.com/commercialhaskell/stackage-snapshots/master/nightly/2025/8/27.yaml
  original: nightly-2025-08-27
